// !$*UTF8*$!
{
	archiveVersion = 1;
	classes = {
	};
	objectVersion = 56;
	objects = {

/* Begin PBXBuildFile section */
		3632443E2C695B4B0021C8BE /* FontEx.swift in Sources */ = {isa = PBXBuildFile; fileRef = 3632443D2C695B4B0021C8BE /* FontEx.swift */; };
		363244512C695F4C0021C8BE /* Mixer.swift in Sources */ = {isa = PBXBuildFile; fileRef = 363244432C695EBE0021C8BE /* Mixer.swift */; };
		363244522C695F4C0021C8BE /* SineGenerator.swift in Sources */ = {isa = PBXBuildFile; fileRef = 363244462C695EBE0021C8BE /* SineGenerator.swift */; };
		363244532C695F4C0021C8BE /* AudioFileReader.swift in Sources */ = {isa = PBXBuildFile; fileRef = 363244442C695EBE0021C8BE /* AudioFileReader.swift */; };
		363244542C695F4C0021C8BE /* Utilities.swift in Sources */ = {isa = PBXBuildFile; fileRef = 363244412C695EBE0021C8BE /* Utilities.swift */; };
		363244552C695F4C0021C8BE /* System.swift in Sources */ = {isa = PBXBuildFile; fileRef = 363244472C695EBE0021C8BE /* System.swift */; };
		363244562C695F4C0021C8BE /* Node.swift in Sources */ = {isa = PBXBuildFile; fileRef = 363244422C695EBE0021C8BE /* Node.swift */; };
		363244572C695F4C0021C8BE /* Player.swift in Sources */ = {isa = PBXBuildFile; fileRef = 363244452C695EBE0021C8BE /* Player.swift */; };
		363244602C6961280021C8BE /* Globals.swift in Sources */ = {isa = PBXBuildFile; fileRef = 3632445F2C6961280021C8BE /* Globals.swift */; };
		363478B62C692BD6004BB3B8 /* AudioNodesDemoApp.swift in Sources */ = {isa = PBXBuildFile; fileRef = 363478B52C692BD6004BB3B8 /* AudioNodesDemoApp.swift */; };
		363478B82C692BD6004BB3B8 /* MainView.swift in Sources */ = {isa = PBXBuildFile; fileRef = 363478B72C692BD6004BB3B8 /* MainView.swift */; };
		363478BA2C692BD7004BB3B8 /* Assets.xcassets in Resources */ = {isa = PBXBuildFile; fileRef = 363478B92C692BD7004BB3B8 /* Assets.xcassets */; };
		363478C52C692C25004BB3B8 /* eyes-demo.m4a in Resources */ = {isa = PBXBuildFile; fileRef = 363478C42C692C19004BB3B8 /* eyes-demo.m4a */; };
/* End PBXBuildFile section */

/* Begin PBXFileReference section */
		3632443D2C695B4B0021C8BE /* FontEx.swift */ = {isa = PBXFileReference; lastKnownFileType = sourcecode.swift; path = FontEx.swift; sourceTree = "<group>"; };
		363244412C695EBE0021C8BE /* Utilities.swift */ = {isa = PBXFileReference; lastKnownFileType = sourcecode.swift; path = Utilities.swift; sourceTree = "<group>"; };
		363244422C695EBE0021C8BE /* Node.swift */ = {isa = PBXFileReference; lastKnownFileType = sourcecode.swift; path = Node.swift; sourceTree = "<group>"; };
		363244432C695EBE0021C8BE /* Mixer.swift */ = {isa = PBXFileReference; lastKnownFileType = sourcecode.swift; path = Mixer.swift; sourceTree = "<group>"; };
		363244442C695EBE0021C8BE /* AudioFileReader.swift */ = {isa = PBXFileReference; lastKnownFileType = sourcecode.swift; path = AudioFileReader.swift; sourceTree = "<group>"; };
		363244452C695EBE0021C8BE /* Player.swift */ = {isa = PBXFileReference; lastKnownFileType = sourcecode.swift; path = Player.swift; sourceTree = "<group>"; };
		363244462C695EBE0021C8BE /* SineGenerator.swift */ = {isa = PBXFileReference; lastKnownFileType = sourcecode.swift; path = SineGenerator.swift; sourceTree = "<group>"; };
		363244472C695EBE0021C8BE /* System.swift */ = {isa = PBXFileReference; lastKnownFileType = sourcecode.swift; path = System.swift; sourceTree = "<group>"; };
		3632445F2C6961280021C8BE /* Globals.swift */ = {isa = PBXFileReference; lastKnownFileType = sourcecode.swift; path = Globals.swift; sourceTree = "<group>"; };
		363478B22C692BD6004BB3B8 /* AudioNodesDemo.app */ = {isa = PBXFileReference; explicitFileType = wrapper.application; includeInIndex = 0; path = AudioNodesDemo.app; sourceTree = BUILT_PRODUCTS_DIR; };
		363478B52C692BD6004BB3B8 /* AudioNodesDemoApp.swift */ = {isa = PBXFileReference; lastKnownFileType = sourcecode.swift; path = AudioNodesDemoApp.swift; sourceTree = "<group>"; };
		363478B72C692BD6004BB3B8 /* MainView.swift */ = {isa = PBXFileReference; lastKnownFileType = sourcecode.swift; path = MainView.swift; sourceTree = "<group>"; };
		363478B92C692BD7004BB3B8 /* Assets.xcassets */ = {isa = PBXFileReference; lastKnownFileType = folder.assetcatalog; path = Assets.xcassets; sourceTree = "<group>"; };
		363478C42C692C19004BB3B8 /* eyes-demo.m4a */ = {isa = PBXFileReference; lastKnownFileType = file; path = "eyes-demo.m4a"; sourceTree = "<group>"; };
/* End PBXFileReference section */

/* Begin PBXFrameworksBuildPhase section */
		363478AF2C692BD6004BB3B8 /* Frameworks */ = {
			isa = PBXFrameworksBuildPhase;
			buildActionMask = 2147483647;
			files = (
			);
			runOnlyForDeploymentPostprocessing = 0;
		};
/* End PBXFrameworksBuildPhase section */

/* Begin PBXGroup section */
		363244482C695EBE0021C8BE /* Sources */ = {
			isa = PBXGroup;
			children = (
				363244412C695EBE0021C8BE /* Utilities.swift */,
				363244422C695EBE0021C8BE /* Node.swift */,
				363244432C695EBE0021C8BE /* Mixer.swift */,
				363244442C695EBE0021C8BE /* AudioFileReader.swift */,
				363244452C695EBE0021C8BE /* Player.swift */,
				363244462C695EBE0021C8BE /* SineGenerator.swift */,
				363244472C695EBE0021C8BE /* System.swift */,
			);
			name = Sources;
			path = ../../AudioNodes/Sources;
			sourceTree = "<group>";
		};
		363478A92C692BD6004BB3B8 = {
			isa = PBXGroup;
			children = (
				363478B42C692BD6004BB3B8 /* AudioNodesDemo */,
				363478B32C692BD6004BB3B8 /* Products */,
			);
			sourceTree = "<group>";
		};
		363478B32C692BD6004BB3B8 /* Products */ = {
			isa = PBXGroup;
			children = (
				363478B22C692BD6004BB3B8 /* AudioNodesDemo.app */,
			);
			name = Products;
			sourceTree = "<group>";
		};
		363478B42C692BD6004BB3B8 /* AudioNodesDemo */ = {
			isa = PBXGroup;
			children = (
				363244482C695EBE0021C8BE /* Sources */,
				3632445F2C6961280021C8BE /* Globals.swift */,
				3632443D2C695B4B0021C8BE /* FontEx.swift */,
				363478B72C692BD6004BB3B8 /* MainView.swift */,
				363478B52C692BD6004BB3B8 /* AudioNodesDemoApp.swift */,
				363478C32C692BF4004BB3B8 /* Resources */,
				363478B92C692BD7004BB3B8 /* Assets.xcassets */,
			);
			path = AudioNodesDemo;
			sourceTree = "<group>";
		};
		363478C32C692BF4004BB3B8 /* Resources */ = {
			isa = PBXGroup;
			children = (
				363478C42C692C19004BB3B8 /* eyes-demo.m4a */,
			);
			path = Resources;
			sourceTree = "<group>";
		};
/* End PBXGroup section */

/* Begin PBXNativeTarget section */
		363478B12C692BD6004BB3B8 /* AudioNodesDemo */ = {
			isa = PBXNativeTarget;
			buildConfigurationList = 363478C02C692BD7004BB3B8 /* Build configuration list for PBXNativeTarget "AudioNodesDemo" */;
			buildPhases = (
				363478AE2C692BD6004BB3B8 /* Sources */,
				363478AF2C692BD6004BB3B8 /* Frameworks */,
				363478B02C692BD6004BB3B8 /* Resources */,
			);
			buildRules = (
			);
			dependencies = (
			);
			name = AudioNodesDemo;
			productName = AudioNodesDemo;
			productReference = 363478B22C692BD6004BB3B8 /* AudioNodesDemo.app */;
			productType = "com.apple.product-type.application";
		};
/* End PBXNativeTarget section */

/* Begin PBXProject section */
		363478AA2C692BD6004BB3B8 /* Project object */ = {
			isa = PBXProject;
			attributes = {
				BuildIndependentTargetsInParallel = 1;
				LastSwiftUpdateCheck = 1540;
				LastUpgradeCheck = 1540;
				TargetAttributes = {
					363478B12C692BD6004BB3B8 = {
						CreatedOnToolsVersion = 15.4;
					};
				};
			};
			buildConfigurationList = 363478AD2C692BD6004BB3B8 /* Build configuration list for PBXProject "AudioNodesDemo" */;
			compatibilityVersion = "Xcode 14.0";
			developmentRegion = en;
			hasScannedForEncodings = 0;
			knownRegions = (
				en,
				Base,
			);
			mainGroup = 363478A92C692BD6004BB3B8;
			productRefGroup = 363478B32C692BD6004BB3B8 /* Products */;
			projectDirPath = "";
			projectRoot = "";
			targets = (
				363478B12C692BD6004BB3B8 /* AudioNodesDemo */,
			);
		};
/* End PBXProject section */

/* Begin PBXResourcesBuildPhase section */
		363478B02C692BD6004BB3B8 /* Resources */ = {
			isa = PBXResourcesBuildPhase;
			buildActionMask = 2147483647;
			files = (
				363478BA2C692BD7004BB3B8 /* Assets.xcassets in Resources */,
				363478C52C692C25004BB3B8 /* eyes-demo.m4a in Resources */,
			);
			runOnlyForDeploymentPostprocessing = 0;
		};
/* End PBXResourcesBuildPhase section */

/* Begin PBXSourcesBuildPhase section */
		363478AE2C692BD6004BB3B8 /* Sources */ = {
			isa = PBXSourcesBuildPhase;
			buildActionMask = 2147483647;
			files = (
				363478B82C692BD6004BB3B8 /* MainView.swift in Sources */,
				363244512C695F4C0021C8BE /* Mixer.swift in Sources */,
				363244522C695F4C0021C8BE /* SineGenerator.swift in Sources */,
				363244532C695F4C0021C8BE /* AudioFileReader.swift in Sources */,
				363244542C695F4C0021C8BE /* Utilities.swift in Sources */,
				363244602C6961280021C8BE /* Globals.swift in Sources */,
				363244552C695F4C0021C8BE /* System.swift in Sources */,
				363244562C695F4C0021C8BE /* Node.swift in Sources */,
				363244572C695F4C0021C8BE /* Player.swift in Sources */,
				363478B62C692BD6004BB3B8 /* AudioNodesDemoApp.swift in Sources */,
				3632443E2C695B4B0021C8BE /* FontEx.swift in Sources */,
			);
			runOnlyForDeploymentPostprocessing = 0;
		};
/* End PBXSourcesBuildPhase section */

/* Begin XCBuildConfiguration section */
		363478BE2C692BD7004BB3B8 /* Debug */ = {
			isa = XCBuildConfiguration;
			buildSettings = {
				ALWAYS_SEARCH_USER_PATHS = NO;
				ASSETCATALOG_COMPILER_GENERATE_SWIFT_ASSET_SYMBOL_EXTENSIONS = YES;
				CLANG_ANALYZER_NONNULL = YES;
				CLANG_ANALYZER_NUMBER_OBJECT_CONVERSION = YES_AGGRESSIVE;
				CLANG_CXX_LANGUAGE_STANDARD = "gnu++20";
				CLANG_ENABLE_MODULES = YES;
				CLANG_ENABLE_OBJC_ARC = YES;
				CLANG_ENABLE_OBJC_WEAK = YES;
				CLANG_WARN_BLOCK_CAPTURE_AUTORELEASING = YES;
				CLANG_WARN_BOOL_CONVERSION = YES;
				CLANG_WARN_COMMA = YES;
				CLANG_WARN_CONSTANT_CONVERSION = YES;
				CLANG_WARN_DEPRECATED_OBJC_IMPLEMENTATIONS = YES;
				CLANG_WARN_DIRECT_OBJC_ISA_USAGE = YES_ERROR;
				CLANG_WARN_DOCUMENTATION_COMMENTS = YES;
				CLANG_WARN_EMPTY_BODY = YES;
				CLANG_WARN_ENUM_CONVERSION = YES;
				CLANG_WARN_INFINITE_RECURSION = YES;
				CLANG_WARN_INT_CONVERSION = YES;
				CLANG_WARN_NON_LITERAL_NULL_CONVERSION = YES;
				CLANG_WARN_OBJC_IMPLICIT_RETAIN_SELF = YES;
				CLANG_WARN_OBJC_LITERAL_CONVERSION = YES;
				CLANG_WARN_OBJC_ROOT_CLASS = YES_ERROR;
				CLANG_WARN_QUOTED_INCLUDE_IN_FRAMEWORK_HEADER = YES;
				CLANG_WARN_RANGE_LOOP_ANALYSIS = YES;
				CLANG_WARN_STRICT_PROTOTYPES = YES;
				CLANG_WARN_SUSPICIOUS_MOVE = YES;
				CLANG_WARN_UNGUARDED_AVAILABILITY = YES_AGGRESSIVE;
				CLANG_WARN_UNREACHABLE_CODE = YES;
				CLANG_WARN__DUPLICATE_METHOD_MATCH = YES;
				COPY_PHASE_STRIP = NO;
				DEBUG_INFORMATION_FORMAT = dwarf;
				ENABLE_STRICT_OBJC_MSGSEND = YES;
				ENABLE_TESTABILITY = YES;
				ENABLE_USER_SCRIPT_SANDBOXING = YES;
				GCC_C_LANGUAGE_STANDARD = gnu17;
				GCC_DYNAMIC_NO_PIC = NO;
				GCC_NO_COMMON_BLOCKS = YES;
				GCC_OPTIMIZATION_LEVEL = 0;
				GCC_PREPROCESSOR_DEFINITIONS = (
					"DEBUG=1",
					"$(inherited)",
				);
				GCC_WARN_64_TO_32_BIT_CONVERSION = YES;
				GCC_WARN_ABOUT_RETURN_TYPE = YES_ERROR;
				GCC_WARN_UNDECLARED_SELECTOR = YES;
				GCC_WARN_UNINITIALIZED_AUTOS = YES_AGGRESSIVE;
				GCC_WARN_UNUSED_FUNCTION = YES;
				GCC_WARN_UNUSED_VARIABLE = YES;
				IPHONEOS_DEPLOYMENT_TARGET = 17.5;
				LOCALIZATION_PREFERS_STRING_CATALOGS = YES;
				MTL_ENABLE_DEBUG_INFO = INCLUDE_SOURCE;
				MTL_FAST_MATH = YES;
				ONLY_ACTIVE_ARCH = YES;
				SDKROOT = iphoneos;
				SWIFT_ACTIVE_COMPILATION_CONDITIONS = "DEBUG $(inherited)";
				SWIFT_OPTIMIZATION_LEVEL = "-Onone";
			};
			name = Debug;
		};
		363478BF2C692BD7004BB3B8 /* Release */ = {
			isa = XCBuildConfiguration;
			buildSettings = {
				ALWAYS_SEARCH_USER_PATHS = NO;
				ASSETCATALOG_COMPILER_GENERATE_SWIFT_ASSET_SYMBOL_EXTENSIONS = YES;
				CLANG_ANALYZER_NONNULL = YES;
				CLANG_ANALYZER_NUMBER_OBJECT_CONVERSION = YES_AGGRESSIVE;
				CLANG_CXX_LANGUAGE_STANDARD = "gnu++20";
				CLANG_ENABLE_MODULES = YES;
				CLANG_ENABLE_OBJC_ARC = YES;
				CLANG_ENABLE_OBJC_WEAK = YES;
				CLANG_WARN_BLOCK_CAPTURE_AUTORELEASING = YES;
				CLANG_WARN_BOOL_CONVERSION = YES;
				CLANG_WARN_COMMA = YES;
				CLANG_WARN_CONSTANT_CONVERSION = YES;
				CLANG_WARN_DEPRECATED_OBJC_IMPLEMENTATIONS = YES;
				CLANG_WARN_DIRECT_OBJC_ISA_USAGE = YES_ERROR;
				CLANG_WARN_DOCUMENTATION_COMMENTS = YES;
				CLANG_WARN_EMPTY_BODY = YES;
				CLANG_WARN_ENUM_CONVERSION = YES;
				CLANG_WARN_INFINITE_RECURSION = YES;
				CLANG_WARN_INT_CONVERSION = YES;
				CLANG_WARN_NON_LITERAL_NULL_CONVERSION = YES;
				CLANG_WARN_OBJC_IMPLICIT_RETAIN_SELF = YES;
				CLANG_WARN_OBJC_LITERAL_CONVERSION = YES;
				CLANG_WARN_OBJC_ROOT_CLASS = YES_ERROR;
				CLANG_WARN_QUOTED_INCLUDE_IN_FRAMEWORK_HEADER = YES;
				CLANG_WARN_RANGE_LOOP_ANALYSIS = YES;
				CLANG_WARN_STRICT_PROTOTYPES = YES;
				CLANG_WARN_SUSPICIOUS_MOVE = YES;
				CLANG_WARN_UNGUARDED_AVAILABILITY = YES_AGGRESSIVE;
				CLANG_WARN_UNREACHABLE_CODE = YES;
				CLANG_WARN__DUPLICATE_METHOD_MATCH = YES;
				COPY_PHASE_STRIP = NO;
				DEBUG_INFORMATION_FORMAT = "dwarf-with-dsym";
				ENABLE_NS_ASSERTIONS = NO;
				ENABLE_STRICT_OBJC_MSGSEND = YES;
				ENABLE_USER_SCRIPT_SANDBOXING = YES;
				GCC_C_LANGUAGE_STANDARD = gnu17;
				GCC_NO_COMMON_BLOCKS = YES;
				GCC_WARN_64_TO_32_BIT_CONVERSION = YES;
				GCC_WARN_ABOUT_RETURN_TYPE = YES_ERROR;
				GCC_WARN_UNDECLARED_SELECTOR = YES;
				GCC_WARN_UNINITIALIZED_AUTOS = YES_AGGRESSIVE;
				GCC_WARN_UNUSED_FUNCTION = YES;
				GCC_WARN_UNUSED_VARIABLE = YES;
				IPHONEOS_DEPLOYMENT_TARGET = 17.5;
				LOCALIZATION_PREFERS_STRING_CATALOGS = YES;
				MTL_ENABLE_DEBUG_INFO = NO;
				MTL_FAST_MATH = YES;
				SDKROOT = iphoneos;
				SWIFT_COMPILATION_MODE = wholemodule;
				VALIDATE_PRODUCT = YES;
			};
			name = Release;
		};
		363478C12C692BD7004BB3B8 /* Debug */ = {
			isa = XCBuildConfiguration;
			buildSettings = {
				ASSETCATALOG_COMPILER_APPICON_NAME = AppIcon;
				ASSETCATALOG_COMPILER_GLOBAL_ACCENT_COLOR_NAME = AccentColor;
				CODE_SIGN_STYLE = Automatic;
				CURRENT_PROJECT_VERSION = 1;
				DEVELOPMENT_ASSET_PATHS = "";
				DEVELOPMENT_TEAM = 639KEQWW6F;
				ENABLE_PREVIEWS = YES;
				GENERATE_INFOPLIST_FILE = YES;
				INFOPLIST_KEY_UIApplicationSceneManifest_Generation = YES;
				INFOPLIST_KEY_UIApplicationSupportsIndirectInputEvents = YES;
				INFOPLIST_KEY_UILaunchScreen_Generation = YES;
				INFOPLIST_KEY_UISupportedInterfaceOrientations_iPad = "UIInterfaceOrientationPortrait UIInterfaceOrientationPortraitUpsideDown UIInterfaceOrientationLandscapeLeft UIInterfaceOrientationLandscapeRight";
				INFOPLIST_KEY_UISupportedInterfaceOrientations_iPhone = "UIInterfaceOrientationPortrait UIInterfaceOrientationLandscapeLeft UIInterfaceOrientationLandscapeRight";
				INFOPLIST_KEY_UIUserInterfaceStyle = Dark;
				LD_RUNPATH_SEARCH_PATHS = (
					"$(inherited)",
					"@executable_path/Frameworks",
				);
				MARKETING_VERSION = 1.0;
				PRODUCT_BUNDLE_IDENTIFIER = com.melikyan.AudioNodesDemo;
				PRODUCT_NAME = "$(TARGET_NAME)";
				SUPPORTED_PLATFORMS = "iphoneos iphonesimulator";
				SUPPORTS_MACCATALYST = NO;
				SUPPORTS_XR_DESIGNED_FOR_IPHONE_IPAD = NO;
				SWIFT_EMIT_LOC_STRINGS = YES;
				SWIFT_VERSION = 5.0;
				TARGETED_DEVICE_FAMILY = "1,2";
			};
			name = Debug;
		};
		363478C22C692BD7004BB3B8 /* Release */ = {
			isa = XCBuildConfiguration;
			buildSettings = {
				ASSETCATALOG_COMPILER_APPICON_NAME = AppIcon;
				ASSETCATALOG_COMPILER_GLOBAL_ACCENT_COLOR_NAME = AccentColor;
				CODE_SIGN_STYLE = Automatic;
				CURRENT_PROJECT_VERSION = 1;
				DEVELOPMENT_ASSET_PATHS = "";
				DEVELOPMENT_TEAM = 639KEQWW6F;
				ENABLE_PREVIEWS = YES;
				GENERATE_INFOPLIST_FILE = YES;
				INFOPLIST_KEY_UIApplicationSceneManifest_Generation = YES;
				INFOPLIST_KEY_UIApplicationSupportsIndirectInputEvents = YES;
				INFOPLIST_KEY_UILaunchScreen_Generation = YES;
				INFOPLIST_KEY_UISupportedInterfaceOrientations_iPad = "UIInterfaceOrientationPortrait UIInterfaceOrientationPortraitUpsideDown UIInterfaceOrientationLandscapeLeft UIInterfaceOrientationLandscapeRight";
				INFOPLIST_KEY_UISupportedInterfaceOrientations_iPhone = "UIInterfaceOrientationPortrait UIInterfaceOrientationLandscapeLeft UIInterfaceOrientationLandscapeRight";
				INFOPLIST_KEY_UIUserInterfaceStyle = Dark;
				LD_RUNPATH_SEARCH_PATHS = (
					"$(inherited)",
					"@executable_path/Frameworks",
				);
				MARKETING_VERSION = 1.0;
				PRODUCT_BUNDLE_IDENTIFIER = com.melikyan.AudioNodesDemo;
				PRODUCT_NAME = "$(TARGET_NAME)";
				SUPPORTED_PLATFORMS = "iphoneos iphonesimulator";
				SUPPORTS_MACCATALYST = NO;
				SUPPORTS_XR_DESIGNED_FOR_IPHONE_IPAD = NO;
				SWIFT_EMIT_LOC_STRINGS = YES;
				SWIFT_VERSION = 5.0;
				TARGETED_DEVICE_FAMILY = "1,2";
			};
			name = Release;
		};
/* End XCBuildConfiguration section */

/* Begin XCConfigurationList section */
		363478AD2C692BD6004BB3B8 /* Build configuration list for PBXProject "AudioNodesDemo" */ = {
			isa = XCConfigurationList;
			buildConfigurations = (
				363478BE2C692BD7004BB3B8 /* Debug */,
				363478BF2C692BD7004BB3B8 /* Release */,
			);
			defaultConfigurationIsVisible = 0;
			defaultConfigurationName = Release;
		};
		363478C02C692BD7004BB3B8 /* Build configuration list for PBXNativeTarget "AudioNodesDemo" */ = {
			isa = XCConfigurationList;
			buildConfigurations = (
				363478C12C692BD7004BB3B8 /* Debug */,
				363478C22C692BD7004BB3B8 /* Release */,
			);
			defaultConfigurationIsVisible = 0;
			defaultConfigurationName = Release;
		};
/* End XCConfigurationList section */
	};
	rootObject = 363478AA2C692BD6004BB3B8 /* Project object */;
}
