// !$*UTF8*$!
{
	archiveVersion = 1;
	classes = {
	};
	objectVersion = 56;
	objects = {

/* Begin PBXBuildFile section */
		363244582C695FC80021C8BE /* Node.swift in Sources */ = {isa = PBXBuildFile; fileRef = 3632444A2C695EE90021C8BE /* Node.swift */; };
		363244592C695FC80021C8BE /* AudioFileReader.swift in Sources */ = {isa = PBXBuildFile; fileRef = 3632444C2C695EE90021C8BE /* AudioFileReader.swift */; };
		3632445A2C695FC80021C8BE /* Player.swift in Sources */ = {isa = PBXBuildFile; fileRef = 3632444D2C695EE90021C8BE /* Player.swift */; };
		3632445B2C695FC80021C8BE /* SineGenerator.swift in Sources */ = {isa = PBXBuildFile; fileRef = 3632444E2C695EE90021C8BE /* SineGenerator.swift */; };
		3632445C2C695FC80021C8BE /* Mixer.swift in Sources */ = {isa = PBXBuildFile; fileRef = 3632444B2C695EE90021C8BE /* Mixer.swift */; };
		3632445D2C695FC80021C8BE /* System.swift in Sources */ = {isa = PBXBuildFile; fileRef = 3632444F2C695EE90021C8BE /* System.swift */; };
		3632445E2C695FC80021C8BE /* Utilities.swift in Sources */ = {isa = PBXBuildFile; fileRef = 363244492C695EE90021C8BE /* Utilities.swift */; };
		3643100C2C69F296000CF9F3 /* Monitor.swift in Sources */ = {isa = PBXBuildFile; fileRef = 3643100B2C69F296000CF9F3 /* Monitor.swift */; };
		364310102C69F30D000CF9F3 /* Meter.swift in Sources */ = {isa = PBXBuildFile; fileRef = 3643100F2C69F30D000CF9F3 /* Meter.swift */; };
		36FF52C82C661FD7006428FE /* CLITest.swift in Sources */ = {isa = PBXBuildFile; fileRef = 36FF52C72C661FD7006428FE /* CLITest.swift */; };
/* End PBXBuildFile section */

/* Begin PBXCopyFilesBuildPhase section */
		36FF52C22C661FD7006428FE /* CopyFiles */ = {
			isa = PBXCopyFilesBuildPhase;
			buildActionMask = 2147483647;
			dstPath = /usr/share/man/man1/;
			dstSubfolderSpec = 0;
			files = (
			);
			runOnlyForDeploymentPostprocessing = 1;
		};
/* End PBXCopyFilesBuildPhase section */

/* Begin PBXFileReference section */
		363244492C695EE90021C8BE /* Utilities.swift */ = {isa = PBXFileReference; lastKnownFileType = sourcecode.swift; path = Utilities.swift; sourceTree = "<group>"; };
		3632444A2C695EE90021C8BE /* Node.swift */ = {isa = PBXFileReference; lastKnownFileType = sourcecode.swift; path = Node.swift; sourceTree = "<group>"; };
		3632444B2C695EE90021C8BE /* Mixer.swift */ = {isa = PBXFileReference; lastKnownFileType = sourcecode.swift; path = Mixer.swift; sourceTree = "<group>"; };
		3632444C2C695EE90021C8BE /* AudioFileReader.swift */ = {isa = PBXFileReference; lastKnownFileType = sourcecode.swift; path = AudioFileReader.swift; sourceTree = "<group>"; };
		3632444D2C695EE90021C8BE /* Player.swift */ = {isa = PBXFileReference; lastKnownFileType = sourcecode.swift; path = Player.swift; sourceTree = "<group>"; };
		3632444E2C695EE90021C8BE /* SineGenerator.swift */ = {isa = PBXFileReference; lastKnownFileType = sourcecode.swift; path = SineGenerator.swift; sourceTree = "<group>"; };
		3632444F2C695EE90021C8BE /* System.swift */ = {isa = PBXFileReference; lastKnownFileType = sourcecode.swift; path = System.swift; sourceTree = "<group>"; };
		3643100B2C69F296000CF9F3 /* Monitor.swift */ = {isa = PBXFileReference; fileEncoding = 4; lastKnownFileType = sourcecode.swift; path = Monitor.swift; sourceTree = "<group>"; };
		3643100F2C69F30D000CF9F3 /* Meter.swift */ = {isa = PBXFileReference; fileEncoding = 4; lastKnownFileType = sourcecode.swift; path = Meter.swift; sourceTree = "<group>"; };
		36FF52C42C661FD7006428FE /* AudioNodes */ = {isa = PBXFileReference; explicitFileType = "compiled.mach-o.executable"; includeInIndex = 0; path = AudioNodes; sourceTree = BUILT_PRODUCTS_DIR; };
		36FF52C72C661FD7006428FE /* CLITest.swift */ = {isa = PBXFileReference; lastKnownFileType = sourcecode.swift; path = CLITest.swift; sourceTree = "<group>"; };
/* End PBXFileReference section */

/* Begin PBXFrameworksBuildPhase section */
		36FF52C12C661FD7006428FE /* Frameworks */ = {
			isa = PBXFrameworksBuildPhase;
			buildActionMask = 2147483647;
			files = (
			);
			runOnlyForDeploymentPostprocessing = 0;
		};
/* End PBXFrameworksBuildPhase section */

/* Begin PBXGroup section */
		363244502C695EE90021C8BE /* Sources */ = {
			isa = PBXGroup;
			children = (
				363244492C695EE90021C8BE /* Utilities.swift */,
				3632444A2C695EE90021C8BE /* Node.swift */,
				3643100B2C69F296000CF9F3 /* Monitor.swift */,
				3643100F2C69F30D000CF9F3 /* Meter.swift */,
				3632444B2C695EE90021C8BE /* Mixer.swift */,
				3632444C2C695EE90021C8BE /* AudioFileReader.swift */,
				3632444D2C695EE90021C8BE /* Player.swift */,
				3632444E2C695EE90021C8BE /* SineGenerator.swift */,
				3632444F2C695EE90021C8BE /* System.swift */,
			);
			path = Sources;
			sourceTree = "<group>";
		};
		36FF52BB2C661FD7006428FE = {
			isa = PBXGroup;
			children = (
				36FF52C62C661FD7006428FE /* AudioNodes */,
				36FF52C52C661FD7006428FE /* Products */,
			);
			sourceTree = "<group>";
		};
		36FF52C52C661FD7006428FE /* Products */ = {
			isa = PBXGroup;
			children = (
				36FF52C42C661FD7006428FE /* AudioNodes */,
			);
			name = Products;
			sourceTree = "<group>";
		};
		36FF52C62C661FD7006428FE /* AudioNodes */ = {
			isa = PBXGroup;
			children = (
				363244502C695EE90021C8BE /* Sources */,
				36FF52C72C661FD7006428FE /* CLITest.swift */,
			);
			path = AudioNodes;
			sourceTree = "<group>";
		};
/* End PBXGroup section */

/* Begin PBXNativeTarget section */
		36FF52C32C661FD7006428FE /* AudioNodes */ = {
			isa = PBXNativeTarget;
			buildConfigurationList = 36FF52CB2C661FD7006428FE /* Build configuration list for PBXNativeTarget "AudioNodes" */;
			buildPhases = (
				36FF52C02C661FD7006428FE /* Sources */,
				36FF52C12C661FD7006428FE /* Frameworks */,
				36FF52C22C661FD7006428FE /* CopyFiles */,
			);
			buildRules = (
			);
			dependencies = (
			);
			name = AudioNodes;
			packageProductDependencies = (
			);
			productName = AudioNodes;
			productReference = 36FF52C42C661FD7006428FE /* AudioNodes */;
			productType = "com.apple.product-type.tool";
		};
/* End PBXNativeTarget section */

/* Begin PBXProject section */
		36FF52BC2C661FD7006428FE /* Project object */ = {
			isa = PBXProject;
			attributes = {
				BuildIndependentTargetsInParallel = 1;
				LastSwiftUpdateCheck = 1540;
				LastUpgradeCheck = 1540;
				TargetAttributes = {
					36FF52C32C661FD7006428FE = {
						CreatedOnToolsVersion = 15.4;
					};
				};
			};
			buildConfigurationList = 36FF52BF2C661FD7006428FE /* Build configuration list for PBXProject "AudioNodes" */;
			compatibilityVersion = "Xcode 14.0";
			developmentRegion = en;
			hasScannedForEncodings = 0;
			knownRegions = (
				en,
				Base,
			);
			mainGroup = 36FF52BB2C661FD7006428FE;
			packageReferences = (
			);
			productRefGroup = 36FF52C52C661FD7006428FE /* Products */;
			projectDirPath = "";
			projectRoot = "";
			targets = (
				36FF52C32C661FD7006428FE /* AudioNodes */,
			);
		};
/* End PBXProject section */

/* Begin PBXSourcesBuildPhase section */
		36FF52C02C661FD7006428FE /* Sources */ = {
			isa = PBXSourcesBuildPhase;
			buildActionMask = 2147483647;
			files = (
				36FF52C82C661FD7006428FE /* CLITest.swift in Sources */,
				363244582C695FC80021C8BE /* Node.swift in Sources */,
				363244592C695FC80021C8BE /* AudioFileReader.swift in Sources */,
				3632445A2C695FC80021C8BE /* Player.swift in Sources */,
				3643100C2C69F296000CF9F3 /* Monitor.swift in Sources */,
				3632445B2C695FC80021C8BE /* SineGenerator.swift in Sources */,
				3632445C2C695FC80021C8BE /* Mixer.swift in Sources */,
				364310102C69F30D000CF9F3 /* Meter.swift in Sources */,
				3632445D2C695FC80021C8BE /* System.swift in Sources */,
				3632445E2C695FC80021C8BE /* Utilities.swift in Sources */,
			);
			runOnlyForDeploymentPostprocessing = 0;
		};
/* End PBXSourcesBuildPhase section */

/* Begin XCBuildConfiguration section */
		36FF52C92C661FD7006428FE /* Debug */ = {
			isa = XCBuildConfiguration;
			buildSettings = {
				ALWAYS_SEARCH_USER_PATHS = NO;
				ASSETCATALOG_COMPILER_GENERATE_SWIFT_ASSET_SYMBOL_EXTENSIONS = YES;
				CLANG_ANALYZER_NONNULL = YES;
				CLANG_ANALYZER_NUMBER_OBJECT_CONVERSION = YES_AGGRESSIVE;
				CLANG_CXX_LANGUAGE_STANDARD = "gnu++20";
				CLANG_ENABLE_MODULES = YES;
				CLANG_ENABLE_OBJC_ARC = YES;
				CLANG_ENABLE_OBJC_WEAK = YES;
				CLANG_WARN_BLOCK_CAPTURE_AUTORELEASING = YES;
				CLANG_WARN_BOOL_CONVERSION = YES;
				CLANG_WARN_COMMA = YES;
				CLANG_WARN_CONSTANT_CONVERSION = YES;
				CLANG_WARN_DEPRECATED_OBJC_IMPLEMENTATIONS = YES;
				CLANG_WARN_DIRECT_OBJC_ISA_USAGE = YES_ERROR;
				CLANG_WARN_DOCUMENTATION_COMMENTS = YES;
				CLANG_WARN_EMPTY_BODY = YES;
				CLANG_WARN_ENUM_CONVERSION = YES;
				CLANG_WARN_INFINITE_RECURSION = YES;
				CLANG_WARN_INT_CONVERSION = YES;
				CLANG_WARN_NON_LITERAL_NULL_CONVERSION = YES;
				CLANG_WARN_OBJC_IMPLICIT_RETAIN_SELF = YES;
				CLANG_WARN_OBJC_LITERAL_CONVERSION = YES;
				CLANG_WARN_OBJC_ROOT_CLASS = YES_ERROR;
				CLANG_WARN_QUOTED_INCLUDE_IN_FRAMEWORK_HEADER = YES;
				CLANG_WARN_RANGE_LOOP_ANALYSIS = YES;
				CLANG_WARN_STRICT_PROTOTYPES = YES;
				CLANG_WARN_SUSPICIOUS_MOVE = YES;
				CLANG_WARN_UNGUARDED_AVAILABILITY = YES_AGGRESSIVE;
				CLANG_WARN_UNREACHABLE_CODE = YES;
				CLANG_WARN__DUPLICATE_METHOD_MATCH = YES;
				COPY_PHASE_STRIP = NO;
				DEBUG_INFORMATION_FORMAT = dwarf;
				ENABLE_STRICT_OBJC_MSGSEND = YES;
				ENABLE_TESTABILITY = YES;
				ENABLE_USER_SCRIPT_SANDBOXING = YES;
				GCC_C_LANGUAGE_STANDARD = gnu17;
				GCC_DYNAMIC_NO_PIC = NO;
				GCC_NO_COMMON_BLOCKS = YES;
				GCC_OPTIMIZATION_LEVEL = 0;
				GCC_PREPROCESSOR_DEFINITIONS = (
					"DEBUG=1",
					"$(inherited)",
				);
				GCC_WARN_64_TO_32_BIT_CONVERSION = YES;
				GCC_WARN_ABOUT_RETURN_TYPE = YES_ERROR;
				GCC_WARN_UNDECLARED_SELECTOR = YES;
				GCC_WARN_UNINITIALIZED_AUTOS = YES_AGGRESSIVE;
				GCC_WARN_UNUSED_FUNCTION = YES;
				GCC_WARN_UNUSED_VARIABLE = YES;
				LOCALIZATION_PREFERS_STRING_CATALOGS = YES;
				MACOSX_DEPLOYMENT_TARGET = 14.5;
				MTL_ENABLE_DEBUG_INFO = INCLUDE_SOURCE;
				MTL_FAST_MATH = YES;
				ONLY_ACTIVE_ARCH = YES;
				SDKROOT = macosx;
				SWIFT_ACTIVE_COMPILATION_CONDITIONS = "DEBUG $(inherited) AUDIO_FILE_LOGGING_off";
				SWIFT_OPTIMIZATION_LEVEL = "-Onone";
				SWIFT_STRICT_CONCURRENCY = complete;
			};
			name = Debug;
		};
		36FF52CA2C661FD7006428FE /* Release */ = {
			isa = XCBuildConfiguration;
			buildSettings = {
				ALWAYS_SEARCH_USER_PATHS = NO;
				ASSETCATALOG_COMPILER_GENERATE_SWIFT_ASSET_SYMBOL_EXTENSIONS = YES;
				CLANG_ANALYZER_NONNULL = YES;
				CLANG_ANALYZER_NUMBER_OBJECT_CONVERSION = YES_AGGRESSIVE;
				CLANG_CXX_LANGUAGE_STANDARD = "gnu++20";
				CLANG_ENABLE_MODULES = YES;
				CLANG_ENABLE_OBJC_ARC = YES;
				CLANG_ENABLE_OBJC_WEAK = YES;
				CLANG_WARN_BLOCK_CAPTURE_AUTORELEASING = YES;
				CLANG_WARN_BOOL_CONVERSION = YES;
				CLANG_WARN_COMMA = YES;
				CLANG_WARN_CONSTANT_CONVERSION = YES;
				CLANG_WARN_DEPRECATED_OBJC_IMPLEMENTATIONS = YES;
				CLANG_WARN_DIRECT_OBJC_ISA_USAGE = YES_ERROR;
				CLANG_WARN_DOCUMENTATION_COMMENTS = YES;
				CLANG_WARN_EMPTY_BODY = YES;
				CLANG_WARN_ENUM_CONVERSION = YES;
				CLANG_WARN_INFINITE_RECURSION = YES;
				CLANG_WARN_INT_CONVERSION = YES;
				CLANG_WARN_NON_LITERAL_NULL_CONVERSION = YES;
				CLANG_WARN_OBJC_IMPLICIT_RETAIN_SELF = YES;
				CLANG_WARN_OBJC_LITERAL_CONVERSION = YES;
				CLANG_WARN_OBJC_ROOT_CLASS = YES_ERROR;
				CLANG_WARN_QUOTED_INCLUDE_IN_FRAMEWORK_HEADER = YES;
				CLANG_WARN_RANGE_LOOP_ANALYSIS = YES;
				CLANG_WARN_STRICT_PROTOTYPES = YES;
				CLANG_WARN_SUSPICIOUS_MOVE = YES;
				CLANG_WARN_UNGUARDED_AVAILABILITY = YES_AGGRESSIVE;
				CLANG_WARN_UNREACHABLE_CODE = YES;
				CLANG_WARN__DUPLICATE_METHOD_MATCH = YES;
				COPY_PHASE_STRIP = NO;
				DEBUG_INFORMATION_FORMAT = "dwarf-with-dsym";
				ENABLE_NS_ASSERTIONS = NO;
				ENABLE_STRICT_OBJC_MSGSEND = YES;
				ENABLE_USER_SCRIPT_SANDBOXING = YES;
				GCC_C_LANGUAGE_STANDARD = gnu17;
				GCC_NO_COMMON_BLOCKS = YES;
				GCC_WARN_64_TO_32_BIT_CONVERSION = YES;
				GCC_WARN_ABOUT_RETURN_TYPE = YES_ERROR;
				GCC_WARN_UNDECLARED_SELECTOR = YES;
				GCC_WARN_UNINITIALIZED_AUTOS = YES_AGGRESSIVE;
				GCC_WARN_UNUSED_FUNCTION = YES;
				GCC_WARN_UNUSED_VARIABLE = YES;
				LOCALIZATION_PREFERS_STRING_CATALOGS = YES;
				MACOSX_DEPLOYMENT_TARGET = 14.5;
				MTL_ENABLE_DEBUG_INFO = NO;
				MTL_FAST_MATH = YES;
				SDKROOT = macosx;
				SWIFT_COMPILATION_MODE = wholemodule;
				SWIFT_STRICT_CONCURRENCY = complete;
			};
			name = Release;
		};
		36FF52CC2C661FD7006428FE /* Debug */ = {
			isa = XCBuildConfiguration;
			buildSettings = {
				CODE_SIGN_STYLE = Automatic;
				DEVELOPMENT_TEAM = 639KEQWW6F;
				ENABLE_HARDENED_RUNTIME = YES;
				PRODUCT_NAME = "$(TARGET_NAME)";
				SWIFT_VERSION = 5.0;
			};
			name = Debug;
		};
		36FF52CD2C661FD7006428FE /* Release */ = {
			isa = XCBuildConfiguration;
			buildSettings = {
				CODE_SIGN_STYLE = Automatic;
				DEVELOPMENT_TEAM = 639KEQWW6F;
				ENABLE_HARDENED_RUNTIME = YES;
				PRODUCT_NAME = "$(TARGET_NAME)";
				SWIFT_VERSION = 5.0;
			};
			name = Release;
		};
/* End XCBuildConfiguration section */

/* Begin XCConfigurationList section */
		36FF52BF2C661FD7006428FE /* Build configuration list for PBXProject "AudioNodes" */ = {
			isa = XCConfigurationList;
			buildConfigurations = (
				36FF52C92C661FD7006428FE /* Debug */,
				36FF52CA2C661FD7006428FE /* Release */,
			);
			defaultConfigurationIsVisible = 0;
			defaultConfigurationName = Release;
		};
		36FF52CB2C661FD7006428FE /* Build configuration list for PBXNativeTarget "AudioNodes" */ = {
			isa = XCConfigurationList;
			buildConfigurations = (
				36FF52CC2C661FD7006428FE /* Debug */,
				36FF52CD2C661FD7006428FE /* Release */,
			);
			defaultConfigurationIsVisible = 0;
			defaultConfigurationName = Release;
		};
/* End XCConfigurationList section */
	};
	rootObject = 36FF52BC2C661FD7006428FE /* Project object */;
}
