// !$*UTF8*$!
{
	archiveVersion = 1;
	classes = {
	};
	objectVersion = 56;
	objects = {

/* Begin PBXBuildFile section */
		363BEC9E2D45446A004C4BAE /* NoiseGate.swift in Sources */ = {isa = PBXBuildFile; fileRef = 363BEC992D45446A004C4BAE /* NoiseGate.swift */; };
		363BEC9F2D45446A004C4BAE /* Monitor.swift in Sources */ = {isa = PBXBuildFile; fileRef = 363BEC922D45446A004C4BAE /* Monitor.swift */; };
		363BECA02D45446A004C4BAE /* Player.swift in Sources */ = {isa = PBXBuildFile; fileRef = 363BEC962D45446A004C4BAE /* Player.swift */; };
		363BECA12D45446A004C4BAE /* Source.swift in Sources */ = {isa = PBXBuildFile; fileRef = 363BEC912D45446A004C4BAE /* Source.swift */; };
		363BECA22D45446A004C4BAE /* Utilities.swift in Sources */ = {isa = PBXBuildFile; fileRef = 363BEC8C2D45446A004C4BAE /* Utilities.swift */; };
		363BECA32D45446A004C4BAE /* Recorder.swift in Sources */ = {isa = PBXBuildFile; fileRef = 363BEC972D45446A004C4BAE /* Recorder.swift */; };
		363BECA42D45446A004C4BAE /* Mixer.swift in Sources */ = {isa = PBXBuildFile; fileRef = 363BEC942D45446A004C4BAE /* Mixer.swift */; };
		363BECA52D45446A004C4BAE /* Meter.swift in Sources */ = {isa = PBXBuildFile; fileRef = 363BEC932D45446A004C4BAE /* Meter.swift */; };
		363BECA62D45446A004C4BAE /* Ducker.swift in Sources */ = {isa = PBXBuildFile; fileRef = 363BEC952D45446A004C4BAE /* Ducker.swift */; };
		363BECA72D45446A004C4BAE /* Waveform.swift in Sources */ = {isa = PBXBuildFile; fileRef = 363BEC902D45446A004C4BAE /* Waveform.swift */; };
		363BECA82D45446A004C4BAE /* OfflineProcessor.swift in Sources */ = {isa = PBXBuildFile; fileRef = 363BEC9A2D45446A004C4BAE /* OfflineProcessor.swift */; };
		363BECA92D45446A004C4BAE /* System.swift in Sources */ = {isa = PBXBuildFile; fileRef = 363BEC9B2D45446A004C4BAE /* System.swift */; };
		363BECAA2D45446A004C4BAE /* AudioFileReader.swift in Sources */ = {isa = PBXBuildFile; fileRef = 363BEC8E2D45446A004C4BAE /* AudioFileReader.swift */; };
		363BECAB2D45446A004C4BAE /* AudioData.swift in Sources */ = {isa = PBXBuildFile; fileRef = 363BEC8D2D45446A004C4BAE /* AudioData.swift */; };
		363BECAC2D45446A004C4BAE /* SineGenerator.swift in Sources */ = {isa = PBXBuildFile; fileRef = 363BEC982D45446A004C4BAE /* SineGenerator.swift */; };
		363BECAD2D45446A004C4BAE /* AudioFileWriter.swift in Sources */ = {isa = PBXBuildFile; fileRef = 363BEC8F2D45446A004C4BAE /* AudioFileWriter.swift */; };
		3676C72E2D4AA22B0046F890 /* EQFilter.swift in Sources */ = {isa = PBXBuildFile; fileRef = 3676C72D2D4AA22B0046F890 /* EQFilter.swift */; };
		36FF52C82C661FD7006428FE /* CLITest.swift in Sources */ = {isa = PBXBuildFile; fileRef = 36FF52C72C661FD7006428FE /* CLITest.swift */; };
/* End PBXBuildFile section */

/* Begin PBXCopyFilesBuildPhase section */
		36FF52C22C661FD7006428FE /* CopyFiles */ = {
			isa = PBXCopyFilesBuildPhase;
			buildActionMask = 2147483647;
			dstPath = /usr/share/man/man1/;
			dstSubfolderSpec = 0;
			files = (
			);
			runOnlyForDeploymentPostprocessing = 1;
		};
/* End PBXCopyFilesBuildPhase section */

/* Begin PBXFileReference section */
		363BEC8C2D45446A004C4BAE /* Utilities.swift */ = {isa = PBXFileReference; lastKnownFileType = sourcecode.swift; path = Utilities.swift; sourceTree = "<group>"; };
		363BEC8D2D45446A004C4BAE /* AudioData.swift */ = {isa = PBXFileReference; lastKnownFileType = sourcecode.swift; path = AudioData.swift; sourceTree = "<group>"; };
		363BEC8E2D45446A004C4BAE /* AudioFileReader.swift */ = {isa = PBXFileReference; lastKnownFileType = sourcecode.swift; path = AudioFileReader.swift; sourceTree = "<group>"; };
		363BEC8F2D45446A004C4BAE /* AudioFileWriter.swift */ = {isa = PBXFileReference; lastKnownFileType = sourcecode.swift; path = AudioFileWriter.swift; sourceTree = "<group>"; };
		363BEC902D45446A004C4BAE /* Waveform.swift */ = {isa = PBXFileReference; lastKnownFileType = sourcecode.swift; path = Waveform.swift; sourceTree = "<group>"; };
		363BEC912D45446A004C4BAE /* Source.swift */ = {isa = PBXFileReference; lastKnownFileType = sourcecode.swift; path = Source.swift; sourceTree = "<group>"; };
		363BEC922D45446A004C4BAE /* Monitor.swift */ = {isa = PBXFileReference; lastKnownFileType = sourcecode.swift; path = Monitor.swift; sourceTree = "<group>"; };
		363BEC932D45446A004C4BAE /* Meter.swift */ = {isa = PBXFileReference; lastKnownFileType = sourcecode.swift; path = Meter.swift; sourceTree = "<group>"; };
		363BEC942D45446A004C4BAE /* Mixer.swift */ = {isa = PBXFileReference; lastKnownFileType = sourcecode.swift; path = Mixer.swift; sourceTree = "<group>"; };
		363BEC952D45446A004C4BAE /* Ducker.swift */ = {isa = PBXFileReference; lastKnownFileType = sourcecode.swift; path = Ducker.swift; sourceTree = "<group>"; };
		363BEC962D45446A004C4BAE /* Player.swift */ = {isa = PBXFileReference; lastKnownFileType = sourcecode.swift; path = Player.swift; sourceTree = "<group>"; };
		363BEC972D45446A004C4BAE /* Recorder.swift */ = {isa = PBXFileReference; lastKnownFileType = sourcecode.swift; path = Recorder.swift; sourceTree = "<group>"; };
		363BEC982D45446A004C4BAE /* SineGenerator.swift */ = {isa = PBXFileReference; lastKnownFileType = sourcecode.swift; path = SineGenerator.swift; sourceTree = "<group>"; };
		363BEC992D45446A004C4BAE /* NoiseGate.swift */ = {isa = PBXFileReference; lastKnownFileType = sourcecode.swift; path = NoiseGate.swift; sourceTree = "<group>"; };
		363BEC9A2D45446A004C4BAE /* OfflineProcessor.swift */ = {isa = PBXFileReference; lastKnownFileType = sourcecode.swift; path = OfflineProcessor.swift; sourceTree = "<group>"; };
		363BEC9B2D45446A004C4BAE /* System.swift */ = {isa = PBXFileReference; lastKnownFileType = sourcecode.swift; path = System.swift; sourceTree = "<group>"; };
		3676C72D2D4AA22B0046F890 /* EQFilter.swift */ = {isa = PBXFileReference; lastKnownFileType = sourcecode.swift; path = EQFilter.swift; sourceTree = "<group>"; };
		36FF52C42C661FD7006428FE /* AudioNodesTests */ = {isa = PBXFileReference; explicitFileType = "compiled.mach-o.executable"; includeInIndex = 0; path = AudioNodesTests; sourceTree = BUILT_PRODUCTS_DIR; };
		36FF52C72C661FD7006428FE /* CLITest.swift */ = {isa = PBXFileReference; lastKnownFileType = sourcecode.swift; path = CLITest.swift; sourceTree = "<group>"; };
/* End PBXFileReference section */

/* Begin PBXFrameworksBuildPhase section */
		36FF52C12C661FD7006428FE /* Frameworks */ = {
			isa = PBXFrameworksBuildPhase;
			buildActionMask = 2147483647;
			files = (
			);
			runOnlyForDeploymentPostprocessing = 0;
		};
/* End PBXFrameworksBuildPhase section */

/* Begin PBXGroup section */
		363BEC9D2D45446A004C4BAE /* Sources */ = {
			isa = PBXGroup;
			children = (
				363BEC8D2D45446A004C4BAE /* AudioData.swift */,
				363BEC8E2D45446A004C4BAE /* AudioFileReader.swift */,
				363BEC8F2D45446A004C4BAE /* AudioFileWriter.swift */,
				363BEC952D45446A004C4BAE /* Ducker.swift */,
				3676C72D2D4AA22B0046F890 /* EQFilter.swift */,
				363BEC932D45446A004C4BAE /* Meter.swift */,
				363BEC942D45446A004C4BAE /* Mixer.swift */,
				363BEC922D45446A004C4BAE /* Monitor.swift */,
				363BEC992D45446A004C4BAE /* NoiseGate.swift */,
				363BEC9A2D45446A004C4BAE /* OfflineProcessor.swift */,
				363BEC962D45446A004C4BAE /* Player.swift */,
				363BEC972D45446A004C4BAE /* Recorder.swift */,
				363BEC982D45446A004C4BAE /* SineGenerator.swift */,
				363BEC912D45446A004C4BAE /* Source.swift */,
				363BEC9B2D45446A004C4BAE /* System.swift */,
				363BEC8C2D45446A004C4BAE /* Utilities.swift */,
				363BEC902D45446A004C4BAE /* Waveform.swift */,
			);
			name = Sources;
			path = ../AudioNodes/Sources;
			sourceTree = "<group>";
		};
		36FF52BB2C661FD7006428FE = {
			isa = PBXGroup;
			children = (
				36FF52C62C661FD7006428FE /* AudioNodesTests */,
				36FF52C52C661FD7006428FE /* Products */,
			);
			sourceTree = "<group>";
		};
		36FF52C52C661FD7006428FE /* Products */ = {
			isa = PBXGroup;
			children = (
				36FF52C42C661FD7006428FE /* AudioNodesTests */,
			);
			name = Products;
			sourceTree = "<group>";
		};
		36FF52C62C661FD7006428FE /* AudioNodesTests */ = {
			isa = PBXGroup;
			children = (
				363BEC9D2D45446A004C4BAE /* Sources */,
				36FF52C72C661FD7006428FE /* CLITest.swift */,
			);
			path = AudioNodesTests;
			sourceTree = "<group>";
		};
/* End PBXGroup section */

/* Begin PBXNativeTarget section */
		36FF52C32C661FD7006428FE /* AudioNodesTests */ = {
			isa = PBXNativeTarget;
			buildConfigurationList = 36FF52CB2C661FD7006428FE /* Build configuration list for PBXNativeTarget "AudioNodesTests" */;
			buildPhases = (
				36FF52C02C661FD7006428FE /* Sources */,
				36FF52C12C661FD7006428FE /* Frameworks */,
				36FF52C22C661FD7006428FE /* CopyFiles */,
			);
			buildRules = (
			);
			dependencies = (
			);
			name = AudioNodesTests;
			packageProductDependencies = (
			);
			productName = AudioNodes;
			productReference = 36FF52C42C661FD7006428FE /* AudioNodesTests */;
			productType = "com.apple.product-type.tool";
		};
/* End PBXNativeTarget section */

/* Begin PBXProject section */
		36FF52BC2C661FD7006428FE /* Project object */ = {
			isa = PBXProject;
			attributes = {
				BuildIndependentTargetsInParallel = 1;
				LastSwiftUpdateCheck = 1540;
				LastUpgradeCheck = 1620;
				TargetAttributes = {
					36FF52C32C661FD7006428FE = {
						CreatedOnToolsVersion = 15.4;
					};
				};
			};
			buildConfigurationList = 36FF52BF2C661FD7006428FE /* Build configuration list for PBXProject "AudioNodesTests" */;
			compatibilityVersion = "Xcode 14.0";
			developmentRegion = en;
			hasScannedForEncodings = 0;
			knownRegions = (
				en,
				Base,
			);
			mainGroup = 36FF52BB2C661FD7006428FE;
			packageReferences = (
			);
			productRefGroup = 36FF52C52C661FD7006428FE /* Products */;
			projectDirPath = "";
			projectRoot = "";
			targets = (
				36FF52C32C661FD7006428FE /* AudioNodesTests */,
			);
		};
/* End PBXProject section */

/* Begin PBXSourcesBuildPhase section */
		36FF52C02C661FD7006428FE /* Sources */ = {
			isa = PBXSourcesBuildPhase;
			buildActionMask = 2147483647;
			files = (
				36FF52C82C661FD7006428FE /* CLITest.swift in Sources */,
				363BEC9E2D45446A004C4BAE /* NoiseGate.swift in Sources */,
				363BEC9F2D45446A004C4BAE /* Monitor.swift in Sources */,
				363BECA02D45446A004C4BAE /* Player.swift in Sources */,
				363BECA12D45446A004C4BAE /* Source.swift in Sources */,
				363BECA22D45446A004C4BAE /* Utilities.swift in Sources */,
				363BECA32D45446A004C4BAE /* Recorder.swift in Sources */,
				363BECA42D45446A004C4BAE /* Mixer.swift in Sources */,
				363BECA52D45446A004C4BAE /* Meter.swift in Sources */,
				363BECA62D45446A004C4BAE /* Ducker.swift in Sources */,
				363BECA72D45446A004C4BAE /* Waveform.swift in Sources */,
				363BECA82D45446A004C4BAE /* OfflineProcessor.swift in Sources */,
				363BECA92D45446A004C4BAE /* System.swift in Sources */,
				363BECAA2D45446A004C4BAE /* AudioFileReader.swift in Sources */,
				363BECAB2D45446A004C4BAE /* AudioData.swift in Sources */,
				363BECAC2D45446A004C4BAE /* SineGenerator.swift in Sources */,
				363BECAD2D45446A004C4BAE /* AudioFileWriter.swift in Sources */,
				3676C72E2D4AA22B0046F890 /* EQFilter.swift in Sources */,
			);
			runOnlyForDeploymentPostprocessing = 0;
		};
/* End PBXSourcesBuildPhase section */

/* Begin XCBuildConfiguration section */
		36FF52C92C661FD7006428FE /* Debug */ = {
			isa = XCBuildConfiguration;
			buildSettings = {
				ALWAYS_SEARCH_USER_PATHS = NO;
				ASSETCATALOG_COMPILER_GENERATE_SWIFT_ASSET_SYMBOL_EXTENSIONS = YES;
				CLANG_ANALYZER_NONNULL = YES;
				CLANG_ANALYZER_NUMBER_OBJECT_CONVERSION = YES_AGGRESSIVE;
				CLANG_CXX_LANGUAGE_STANDARD = "gnu++20";
				CLANG_ENABLE_MODULES = YES;
				CLANG_ENABLE_OBJC_ARC = YES;
				CLANG_ENABLE_OBJC_WEAK = YES;
				CLANG_WARN_BLOCK_CAPTURE_AUTORELEASING = YES;
				CLANG_WARN_BOOL_CONVERSION = YES;
				CLANG_WARN_COMMA = YES;
				CLANG_WARN_CONSTANT_CONVERSION = YES;
				CLANG_WARN_DEPRECATED_OBJC_IMPLEMENTATIONS = YES;
				CLANG_WARN_DIRECT_OBJC_ISA_USAGE = YES_ERROR;
				CLANG_WARN_DOCUMENTATION_COMMENTS = YES;
				CLANG_WARN_EMPTY_BODY = YES;
				CLANG_WARN_ENUM_CONVERSION = YES;
				CLANG_WARN_INFINITE_RECURSION = YES;
				CLANG_WARN_INT_CONVERSION = YES;
				CLANG_WARN_NON_LITERAL_NULL_CONVERSION = YES;
				CLANG_WARN_OBJC_IMPLICIT_RETAIN_SELF = YES;
				CLANG_WARN_OBJC_LITERAL_CONVERSION = YES;
				CLANG_WARN_OBJC_ROOT_CLASS = YES_ERROR;
				CLANG_WARN_QUOTED_INCLUDE_IN_FRAMEWORK_HEADER = YES;
				CLANG_WARN_RANGE_LOOP_ANALYSIS = YES;
				CLANG_WARN_STRICT_PROTOTYPES = YES;
				CLANG_WARN_SUSPICIOUS_MOVE = YES;
				CLANG_WARN_UNGUARDED_AVAILABILITY = YES_AGGRESSIVE;
				CLANG_WARN_UNREACHABLE_CODE = YES;
				CLANG_WARN__DUPLICATE_METHOD_MATCH = YES;
				COPY_PHASE_STRIP = NO;
				DEAD_CODE_STRIPPING = YES;
				DEBUG_INFORMATION_FORMAT = dwarf;
				ENABLE_STRICT_OBJC_MSGSEND = YES;
				ENABLE_TESTABILITY = YES;
				ENABLE_USER_SCRIPT_SANDBOXING = YES;
				GCC_C_LANGUAGE_STANDARD = gnu17;
				GCC_DYNAMIC_NO_PIC = NO;
				GCC_NO_COMMON_BLOCKS = YES;
				GCC_OPTIMIZATION_LEVEL = 0;
				GCC_PREPROCESSOR_DEFINITIONS = (
					"DEBUG=1",
					"$(inherited)",
				);
				GCC_WARN_64_TO_32_BIT_CONVERSION = YES;
				GCC_WARN_ABOUT_RETURN_TYPE = YES_ERROR;
				GCC_WARN_UNDECLARED_SELECTOR = YES;
				GCC_WARN_UNINITIALIZED_AUTOS = YES_AGGRESSIVE;
				GCC_WARN_UNUSED_FUNCTION = YES;
				GCC_WARN_UNUSED_VARIABLE = YES;
				LOCALIZATION_PREFERS_STRING_CATALOGS = YES;
				MACOSX_DEPLOYMENT_TARGET = 14.5;
				MTL_ENABLE_DEBUG_INFO = INCLUDE_SOURCE;
				MTL_FAST_MATH = YES;
				ONLY_ACTIVE_ARCH = YES;
				SDKROOT = macosx;
				SWIFT_ACTIVE_COMPILATION_CONDITIONS = "DEBUG $(inherited) AUDIO_FILE_LOGGING_off";
				SWIFT_OPTIMIZATION_LEVEL = "-Onone";
				SWIFT_STRICT_CONCURRENCY = complete;
				SWIFT_VERSION = 6.0;
			};
			name = Debug;
		};
		36FF52CA2C661FD7006428FE /* Release */ = {
			isa = XCBuildConfiguration;
			buildSettings = {
				ALWAYS_SEARCH_USER_PATHS = NO;
				ASSETCATALOG_COMPILER_GENERATE_SWIFT_ASSET_SYMBOL_EXTENSIONS = YES;
				CLANG_ANALYZER_NONNULL = YES;
				CLANG_ANALYZER_NUMBER_OBJECT_CONVERSION = YES_AGGRESSIVE;
				CLANG_CXX_LANGUAGE_STANDARD = "gnu++20";
				CLANG_ENABLE_MODULES = YES;
				CLANG_ENABLE_OBJC_ARC = YES;
				CLANG_ENABLE_OBJC_WEAK = YES;
				CLANG_WARN_BLOCK_CAPTURE_AUTORELEASING = YES;
				CLANG_WARN_BOOL_CONVERSION = YES;
				CLANG_WARN_COMMA = YES;
				CLANG_WARN_CONSTANT_CONVERSION = YES;
				CLANG_WARN_DEPRECATED_OBJC_IMPLEMENTATIONS = YES;
				CLANG_WARN_DIRECT_OBJC_ISA_USAGE = YES_ERROR;
				CLANG_WARN_DOCUMENTATION_COMMENTS = YES;
				CLANG_WARN_EMPTY_BODY = YES;
				CLANG_WARN_ENUM_CONVERSION = YES;
				CLANG_WARN_INFINITE_RECURSION = YES;
				CLANG_WARN_INT_CONVERSION = YES;
				CLANG_WARN_NON_LITERAL_NULL_CONVERSION = YES;
				CLANG_WARN_OBJC_IMPLICIT_RETAIN_SELF = YES;
				CLANG_WARN_OBJC_LITERAL_CONVERSION = YES;
				CLANG_WARN_OBJC_ROOT_CLASS = YES_ERROR;
				CLANG_WARN_QUOTED_INCLUDE_IN_FRAMEWORK_HEADER = YES;
				CLANG_WARN_RANGE_LOOP_ANALYSIS = YES;
				CLANG_WARN_STRICT_PROTOTYPES = YES;
				CLANG_WARN_SUSPICIOUS_MOVE = YES;
				CLANG_WARN_UNGUARDED_AVAILABILITY = YES_AGGRESSIVE;
				CLANG_WARN_UNREACHABLE_CODE = YES;
				CLANG_WARN__DUPLICATE_METHOD_MATCH = YES;
				COPY_PHASE_STRIP = NO;
				DEAD_CODE_STRIPPING = YES;
				DEBUG_INFORMATION_FORMAT = "dwarf-with-dsym";
				ENABLE_NS_ASSERTIONS = NO;
				ENABLE_STRICT_OBJC_MSGSEND = YES;
				ENABLE_USER_SCRIPT_SANDBOXING = YES;
				GCC_C_LANGUAGE_STANDARD = gnu17;
				GCC_NO_COMMON_BLOCKS = YES;
				GCC_WARN_64_TO_32_BIT_CONVERSION = YES;
				GCC_WARN_ABOUT_RETURN_TYPE = YES_ERROR;
				GCC_WARN_UNDECLARED_SELECTOR = YES;
				GCC_WARN_UNINITIALIZED_AUTOS = YES_AGGRESSIVE;
				GCC_WARN_UNUSED_FUNCTION = YES;
				GCC_WARN_UNUSED_VARIABLE = YES;
				LOCALIZATION_PREFERS_STRING_CATALOGS = YES;
				MACOSX_DEPLOYMENT_TARGET = 14.5;
				MTL_ENABLE_DEBUG_INFO = NO;
				MTL_FAST_MATH = YES;
				SDKROOT = macosx;
				SWIFT_COMPILATION_MODE = wholemodule;
				SWIFT_STRICT_CONCURRENCY = complete;
				SWIFT_VERSION = 6.0;
			};
			name = Release;
		};
		36FF52CC2C661FD7006428FE /* Debug */ = {
			isa = XCBuildConfiguration;
			buildSettings = {
				CODE_SIGN_STYLE = Automatic;
				DEAD_CODE_STRIPPING = YES;
				DEVELOPMENT_TEAM = 639KEQWW6F;
				ENABLE_HARDENED_RUNTIME = YES;
				PRODUCT_NAME = "$(TARGET_NAME)";
			};
			name = Debug;
		};
		36FF52CD2C661FD7006428FE /* Release */ = {
			isa = XCBuildConfiguration;
			buildSettings = {
				CODE_SIGN_STYLE = Automatic;
				DEAD_CODE_STRIPPING = YES;
				DEVELOPMENT_TEAM = 639KEQWW6F;
				ENABLE_HARDENED_RUNTIME = YES;
				PRODUCT_NAME = "$(TARGET_NAME)";
			};
			name = Release;
		};
/* End XCBuildConfiguration section */

/* Begin XCConfigurationList section */
		36FF52BF2C661FD7006428FE /* Build configuration list for PBXProject "AudioNodesTests" */ = {
			isa = XCConfigurationList;
			buildConfigurations = (
				36FF52C92C661FD7006428FE /* Debug */,
				36FF52CA2C661FD7006428FE /* Release */,
			);
			defaultConfigurationIsVisible = 0;
			defaultConfigurationName = Release;
		};
		36FF52CB2C661FD7006428FE /* Build configuration list for PBXNativeTarget "AudioNodesTests" */ = {
			isa = XCConfigurationList;
			buildConfigurations = (
				36FF52CC2C661FD7006428FE /* Debug */,
				36FF52CD2C661FD7006428FE /* Release */,
			);
			defaultConfigurationIsVisible = 0;
			defaultConfigurationName = Release;
		};
/* End XCConfigurationList section */
	};
	rootObject = 36FF52BC2C661FD7006428FE /* Project object */;
}
